// !$*UTF8*$!
{
	archiveVersion = 1;
	classes = {
	};
	objectVersion = 50;
	objects = {

/* Begin PBXBuildFile section */
		1836B09C263D717D0075EA29 /* AppDelegate.swift in Sources */ = {isa = PBXBuildFile; fileRef = 1836B09B263D717D0075EA29 /* AppDelegate.swift */; };
		1836B09E263D717D0075EA29 /* SceneDelegate.swift in Sources */ = {isa = PBXBuildFile; fileRef = 1836B09D263D717D0075EA29 /* SceneDelegate.swift */; };
		1836B0A0263D717D0075EA29 /* ViewController.swift in Sources */ = {isa = PBXBuildFile; fileRef = 1836B09F263D717D0075EA29 /* ViewController.swift */; };
		1836B0A3263D717D0075EA29 /* Main.storyboard in Resources */ = {isa = PBXBuildFile; fileRef = 1836B0A1263D717D0075EA29 /* Main.storyboard */; };
		1836B0A5263D717E0075EA29 /* Assets.xcassets in Resources */ = {isa = PBXBuildFile; fileRef = 1836B0A4263D717E0075EA29 /* Assets.xcassets */; };
		1836B0A8263D717E0075EA29 /* LaunchScreen.storyboard in Resources */ = {isa = PBXBuildFile; fileRef = 1836B0A6263D717E0075EA29 /* LaunchScreen.storyboard */; };
		1836B0B3263D724E0075EA29 /* ScoreController.swift in Sources */ = {isa = PBXBuildFile; fileRef = 1836B0B2263D724E0075EA29 /* ScoreController.swift */; };
		1836B0B6263D72730075EA29 /* HomeController.swift in Sources */ = {isa = PBXBuildFile; fileRef = 1836B0B5263D72730075EA29 /* HomeController.swift */; };
		1836B0B9263D728D0075EA29 /* BubblePop.swift in Sources */ = {isa = PBXBuildFile; fileRef = 1836B0B8263D728D0075EA29 /* BubblePop.swift */; };
		1836B0BC263D72B70075EA29 /* SetupController.swift in Sources */ = {isa = PBXBuildFile; fileRef = 1836B0BB263D72B70075EA29 /* SetupController.swift */; };
/* End PBXBuildFile section */

/* Begin PBXFileReference section */
		1836B098263D717D0075EA29 /* 12700302.app */ = {isa = PBXFileReference; explicitFileType = wrapper.application; includeInIndex = 0; path = 12700302.app; sourceTree = BUILT_PRODUCTS_DIR; };
		1836B09B263D717D0075EA29 /* AppDelegate.swift */ = {isa = PBXFileReference; lastKnownFileType = sourcecode.swift; path = AppDelegate.swift; sourceTree = "<group>"; };
		1836B09D263D717D0075EA29 /* SceneDelegate.swift */ = {isa = PBXFileReference; lastKnownFileType = sourcecode.swift; path = SceneDelegate.swift; sourceTree = "<group>"; };
		1836B09F263D717D0075EA29 /* ViewController.swift */ = {isa = PBXFileReference; lastKnownFileType = sourcecode.swift; path = ViewController.swift; sourceTree = "<group>"; };
		1836B0A2263D717D0075EA29 /* Base */ = {isa = PBXFileReference; lastKnownFileType = file.storyboard; name = Base; path = Base.lproj/Main.storyboard; sourceTree = "<group>"; };
		1836B0A4263D717E0075EA29 /* Assets.xcassets */ = {isa = PBXFileReference; lastKnownFileType = folder.assetcatalog; path = Assets.xcassets; sourceTree = "<group>"; };
		1836B0A7263D717E0075EA29 /* Base */ = {isa = PBXFileReference; lastKnownFileType = file.storyboard; name = Base; path = Base.lproj/LaunchScreen.storyboard; sourceTree = "<group>"; };
		1836B0A9263D717E0075EA29 /* Info.plist */ = {isa = PBXFileReference; lastKnownFileType = text.plist.xml; path = Info.plist; sourceTree = "<group>"; };
		1836B0B2263D724E0075EA29 /* ScoreController.swift */ = {isa = PBXFileReference; lastKnownFileType = sourcecode.swift; path = ScoreController.swift; sourceTree = "<group>"; };
		1836B0B5263D72730075EA29 /* HomeController.swift */ = {isa = PBXFileReference; lastKnownFileType = sourcecode.swift; path = HomeController.swift; sourceTree = "<group>"; };
		1836B0B8263D728D0075EA29 /* BubblePop.swift */ = {isa = PBXFileReference; lastKnownFileType = sourcecode.swift; path = BubblePop.swift; sourceTree = "<group>"; };
		1836B0BB263D72B70075EA29 /* SetupController.swift */ = {isa = PBXFileReference; lastKnownFileType = sourcecode.swift; path = SetupController.swift; sourceTree = "<group>"; };
/* End PBXFileReference section */

/* Begin PBXFrameworksBuildPhase section */
		1836B095263D717D0075EA29 /* Frameworks */ = {
			isa = PBXFrameworksBuildPhase;
			buildActionMask = 2147483647;
			files = (
			);
			runOnlyForDeploymentPostprocessing = 0;
		};
/* End PBXFrameworksBuildPhase section */

/* Begin PBXGroup section */
		1836B08F263D717D0075EA29 = {
			isa = PBXGroup;
			children = (
				1836B09A263D717D0075EA29 /* 12700302 */,
				1836B099263D717D0075EA29 /* Products */,
			);
			sourceTree = "<group>";
		};
		1836B099263D717D0075EA29 /* Products */ = {
			isa = PBXGroup;
			children = (
				1836B098263D717D0075EA29 /* 12700302.app */,
			);
			name = Products;
			sourceTree = "<group>";
		};
		1836B09A263D717D0075EA29 /* 12700302 */ = {
			isa = PBXGroup;
			children = (
				1836B09B263D717D0075EA29 /* AppDelegate.swift */,
				1836B09D263D717D0075EA29 /* SceneDelegate.swift */,
				1836B09F263D717D0075EA29 /* ViewController.swift */,
				1836B0A1263D717D0075EA29 /* Main.storyboard */,
				1836B0A4263D717E0075EA29 /* Assets.xcassets */,
				1836B0A6263D717E0075EA29 /* LaunchScreen.storyboard */,
				1836B0A9263D717E0075EA29 /* Info.plist */,
				1836B0B2263D724E0075EA29 /* ScoreController.swift */,
				1836B0B5263D72730075EA29 /* HomeController.swift */,
				1836B0B8263D728D0075EA29 /* BubblePop.swift */,
				1836B0BB263D72B70075EA29 /* SetupController.swift */,
			);
			path = 12700302;
			sourceTree = "<group>";
		};
/* End PBXGroup section */

/* Begin PBXNativeTarget section */
		1836B097263D717D0075EA29 /* 12700302 */ = {
			isa = PBXNativeTarget;
			buildConfigurationList = 1836B0AC263D717E0075EA29 /* Build configuration list for PBXNativeTarget "12700302" */;
			buildPhases = (
				1836B094263D717D0075EA29 /* Sources */,
				1836B095263D717D0075EA29 /* Frameworks */,
				1836B096263D717D0075EA29 /* Resources */,
			);
			buildRules = (
			);
			dependencies = (
			);
			name = 12700302;
			productName = 12700302;
			productReference = 1836B098263D717D0075EA29 /* 12700302.app */;
			productType = "com.apple.product-type.application";
		};
/* End PBXNativeTarget section */

/* Begin PBXProject section */
		1836B090263D717D0075EA29 /* Project object */ = {
			isa = PBXProject;
			attributes = {
				LastSwiftUpdateCheck = 1240;
				LastUpgradeCheck = 1240;
				TargetAttributes = {
					1836B097263D717D0075EA29 = {
						CreatedOnToolsVersion = 12.4;
					};
				};
			};
			buildConfigurationList = 1836B093263D717D0075EA29 /* Build configuration list for PBXProject "12700302" */;
			compatibilityVersion = "Xcode 9.3";
			developmentRegion = en;
			hasScannedForEncodings = 0;
			knownRegions = (
				en,
				Base,
			);
			mainGroup = 1836B08F263D717D0075EA29;
			productRefGroup = 1836B099263D717D0075EA29 /* Products */;
			projectDirPath = "";
			projectRoot = "";
			targets = (
				1836B097263D717D0075EA29 /* 12700302 */,
			);
		};
/* End PBXProject section */

/* Begin PBXResourcesBuildPhase section */
		1836B096263D717D0075EA29 /* Resources */ = {
			isa = PBXResourcesBuildPhase;
			buildActionMask = 2147483647;
			files = (
				1836B0A8263D717E0075EA29 /* LaunchScreen.storyboard in Resources */,
				1836B0A5263D717E0075EA29 /* Assets.xcassets in Resources */,
				1836B0A3263D717D0075EA29 /* Main.storyboard in Resources */,
			);
			runOnlyForDeploymentPostprocessing = 0;
		};
/* End PBXResourcesBuildPhase section */

/* Begin PBXSourcesBuildPhase section */
		1836B094263D717D0075EA29 /* Sources */ = {
			isa = PBXSourcesBuildPhase;
			buildActionMask = 2147483647;
			files = (
				1836B0B6263D72730075EA29 /* HomeController.swift in Sources */,
				1836B0B9263D728D0075EA29 /* BubblePop.swift in Sources */,
				1836B0A0263D717D0075EA29 /* ViewController.swift in Sources */,
				1836B09C263D717D0075EA29 /* AppDelegate.swift in Sources */,
				1836B09E263D717D0075EA29 /* SceneDelegate.swift in Sources */,
				1836B0BC263D72B70075EA29 /* SetupController.swift in Sources */,
				1836B0B3263D724E0075EA29 /* ScoreController.swift in Sources */,
			);
			runOnlyForDeploymentPostprocessing = 0;
		};
/* End PBXSourcesBuildPhase section */

/* Begin PBXVariantGroup section */
		1836B0A1263D717D0075EA29 /* Main.storyboard */ = {
			isa = PBXVariantGroup;
			children = (
				1836B0A2263D717D0075EA29 /* Base */,
			);
			name = Main.storyboard;
			sourceTree = "<group>";
		};
		1836B0A6263D717E0075EA29 /* LaunchScreen.storyboard */ = {
			isa = PBXVariantGroup;
			children = (
				1836B0A7263D717E0075EA29 /* Base */,
			);
			name = LaunchScreen.storyboard;
			sourceTree = "<group>";
		};
/* End PBXVariantGroup section */

/* Begin XCBuildConfiguration section */
		1836B0AA263D717E0075EA29 /* Debug */ = {
			isa = XCBuildConfiguration;
			buildSettings = {
				ALWAYS_SEARCH_USER_PATHS = NO;
				CLANG_ANALYZER_NONNULL = YES;
				CLANG_ANALYZER_NUMBER_OBJECT_CONVERSION = YES_AGGRESSIVE;
				CLANG_CXX_LANGUAGE_STANDARD = "gnu++14";
				CLANG_CXX_LIBRARY = "libc++";
				CLANG_ENABLE_MODULES = YES;
				CLANG_ENABLE_OBJC_ARC = YES;
				CLANG_ENABLE_OBJC_WEAK = YES;
				CLANG_WARN_BLOCK_CAPTURE_AUTORELEASING = YES;
				CLANG_WARN_BOOL_CONVERSION = YES;
				CLANG_WARN_COMMA = YES;
				CLANG_WARN_CONSTANT_CONVERSION = YES;
				CLANG_WARN_DEPRECATED_OBJC_IMPLEMENTATIONS = YES;
				CLANG_WARN_DIRECT_OBJC_ISA_USAGE = YES_ERROR;
				CLANG_WARN_DOCUMENTATION_COMMENTS = YES;
				CLANG_WARN_EMPTY_BODY = YES;
				CLANG_WARN_ENUM_CONVERSION = YES;
				CLANG_WARN_INFINITE_RECURSION = YES;
				CLANG_WARN_INT_CONVERSION = YES;
				CLANG_WARN_NON_LITERAL_NULL_CONVERSION = YES;
				CLANG_WARN_OBJC_IMPLICIT_RETAIN_SELF = YES;
				CLANG_WARN_OBJC_LITERAL_CONVERSION = YES;
				CLANG_WARN_OBJC_ROOT_CLASS = YES_ERROR;
				CLANG_WARN_QUOTED_INCLUDE_IN_FRAMEWORK_HEADER = YES;
				CLANG_WARN_RANGE_LOOP_ANALYSIS = YES;
				CLANG_WARN_STRICT_PROTOTYPES = YES;
				CLANG_WARN_SUSPICIOUS_MOVE = YES;
				CLANG_WARN_UNGUARDED_AVAILABILITY = YES_AGGRESSIVE;
				CLANG_WARN_UNREACHABLE_CODE = YES;
				CLANG_WARN__DUPLICATE_METHOD_MATCH = YES;
				COPY_PHASE_STRIP = NO;
				DEBUG_INFORMATION_FORMAT = dwarf;
				ENABLE_STRICT_OBJC_MSGSEND = YES;
				ENABLE_TESTABILITY = YES;
				GCC_C_LANGUAGE_STANDARD = gnu11;
				GCC_DYNAMIC_NO_PIC = NO;
				GCC_NO_COMMON_BLOCKS = YES;
				GCC_OPTIMIZATION_LEVEL = 0;
				GCC_PREPROCESSOR_DEFINITIONS = (
					"DEBUG=1",
					"$(inherited)",
				);
				GCC_WARN_64_TO_32_BIT_CONVERSION = YES;
				GCC_WARN_ABOUT_RETURN_TYPE = YES_ERROR;
				GCC_WARN_UNDECLARED_SELECTOR = YES;
				GCC_WARN_UNINITIALIZED_AUTOS = YES_AGGRESSIVE;
				GCC_WARN_UNUSED_FUNCTION = YES;
				GCC_WARN_UNUSED_VARIABLE = YES;
				IPHONEOS_DEPLOYMENT_TARGET = 11.2;
				MTL_ENABLE_DEBUG_INFO = INCLUDE_SOURCE;
				MTL_FAST_MATH = YES;
				ONLY_ACTIVE_ARCH = YES;
				SDKROOT = iphoneos;
				SWIFT_ACTIVE_COMPILATION_CONDITIONS = DEBUG;
				SWIFT_OPTIMIZATION_LEVEL = "-Onone";
			};
			name = Debug;
		};
		1836B0AB263D717E0075EA29 /* Release */ = {
			isa = XCBuildConfiguration;
			buildSettings = {
				ALWAYS_SEARCH_USER_PATHS = NO;
				CLANG_ANALYZER_NONNULL = YES;
				CLANG_ANALYZER_NUMBER_OBJECT_CONVERSION = YES_AGGRESSIVE;
				CLANG_CXX_LANGUAGE_STANDARD = "gnu++14";
				CLANG_CXX_LIBRARY = "libc++";
				CLANG_ENABLE_MODULES = YES;
				CLANG_ENABLE_OBJC_ARC = YES;
				CLANG_ENABLE_OBJC_WEAK = YES;
				CLANG_WARN_BLOCK_CAPTURE_AUTORELEASING = YES;
				CLANG_WARN_BOOL_CONVERSION = YES;
				CLANG_WARN_COMMA = YES;
				CLANG_WARN_CONSTANT_CONVERSION = YES;
				CLANG_WARN_DEPRECATED_OBJC_IMPLEMENTATIONS = YES;
				CLANG_WARN_DIRECT_OBJC_ISA_USAGE = YES_ERROR;
				CLANG_WARN_DOCUMENTATION_COMMENTS = YES;
				CLANG_WARN_EMPTY_BODY = YES;
				CLANG_WARN_ENUM_CONVERSION = YES;
				CLANG_WARN_INFINITE_RECURSION = YES;
				CLANG_WARN_INT_CONVERSION = YES;
				CLANG_WARN_NON_LITERAL_NULL_CONVERSION = YES;
				CLANG_WARN_OBJC_IMPLICIT_RETAIN_SELF = YES;
				CLANG_WARN_OBJC_LITERAL_CONVERSION = YES;
				CLANG_WARN_OBJC_ROOT_CLASS = YES_ERROR;
				CLANG_WARN_QUOTED_INCLUDE_IN_FRAMEWORK_HEADER = YES;
				CLANG_WARN_RANGE_LOOP_ANALYSIS = YES;
				CLANG_WARN_STRICT_PROTOTYPES = YES;
				CLANG_WARN_SUSPICIOUS_MOVE = YES;
				CLANG_WARN_UNGUARDED_AVAILABILITY = YES_AGGRESSIVE;
				CLANG_WARN_UNREACHABLE_CODE = YES;
				CLANG_WARN__DUPLICATE_METHOD_MATCH = YES;
				COPY_PHASE_STRIP = NO;
				DEBUG_INFORMATION_FORMAT = "dwarf-with-dsym";
				ENABLE_NS_ASSERTIONS = NO;
				ENABLE_STRICT_OBJC_MSGSEND = YES;
				GCC_C_LANGUAGE_STANDARD = gnu11;
				GCC_NO_COMMON_BLOCKS = YES;
				GCC_WARN_64_TO_32_BIT_CONVERSION = YES;
				GCC_WARN_ABOUT_RETURN_TYPE = YES_ERROR;
				GCC_WARN_UNDECLARED_SELECTOR = YES;
				GCC_WARN_UNINITIALIZED_AUTOS = YES_AGGRESSIVE;
				GCC_WARN_UNUSED_FUNCTION = YES;
				GCC_WARN_UNUSED_VARIABLE = YES;
				IPHONEOS_DEPLOYMENT_TARGET = 11.2;
				MTL_ENABLE_DEBUG_INFO = NO;
				MTL_FAST_MATH = YES;
				SDKROOT = iphoneos;
				SWIFT_COMPILATION_MODE = wholemodule;
				SWIFT_OPTIMIZATION_LEVEL = "-O";
				VALIDATE_PRODUCT = YES;
			};
			name = Release;
		};
		1836B0AD263D717E0075EA29 /* Debug */ = {
			isa = XCBuildConfiguration;
			buildSettings = {
				ASSETCATALOG_COMPILER_APPICON_NAME = AppIcon;
				ASSETCATALOG_COMPILER_GLOBAL_ACCENT_COLOR_NAME = AccentColor;
				CODE_SIGN_STYLE = Automatic;
				INFOPLIST_FILE = 12700302/Info.plist;
				IPHONEOS_DEPLOYMENT_TARGET = 11.2;
				LD_RUNPATH_SEARCH_PATHS = (
					"$(inherited)",
					"@executable_path/Frameworks",
				);
				PRODUCT_BUNDLE_IDENTIFIER = "Bubble.-2700302";
				PRODUCT_NAME = "$(TARGET_NAME)";
				SWIFT_VERSION = 5.0;
				TARGETED_DEVICE_FAMILY = "1,2";
			};
			name = Debug;
		};
		1836B0AE263D717E0075EA29 /* Release */ = {
			isa = XCBuildConfiguration;
			buildSettings = {
				ASSETCATALOG_COMPILER_APPICON_NAME = AppIcon;
				ASSETCATALOG_COMPILER_GLOBAL_ACCENT_COLOR_NAME = AccentColor;
				CODE_SIGN_STYLE = Automatic;
				INFOPLIST_FILE = 12700302/Info.plist;
				IPHONEOS_DEPLOYMENT_TARGET = 11.2;
				LD_RUNPATH_SEARCH_PATHS = (
					"$(inherited)",
					"@executable_path/Frameworks",
				);
				PRODUCT_BUNDLE_IDENTIFIER = "Bubble.-2700302";
				PRODUCT_NAME = "$(TARGET_NAME)";
				SWIFT_VERSION = 5.0;
				TARGETED_DEVICE_FAMILY = "1,2";
			};
			name = Release;
		};
/* End XCBuildConfiguration section */

/* Begin XCConfigurationList section */
		1836B093263D717D0075EA29 /* Build configuration list for PBXProject "12700302" */ = {
			isa = XCConfigurationList;
			buildConfigurations = (
				1836B0AA263D717E0075EA29 /* Debug */,
				1836B0AB263D717E0075EA29 /* Release */,
			);
			defaultConfigurationIsVisible = 0;
			defaultConfigurationName = Release;
		};
		1836B0AC263D717E0075EA29 /* Build configuration list for PBXNativeTarget "12700302" */ = {
			isa = XCConfigurationList;
			buildConfigurations = (
				1836B0AD263D717E0075EA29 /* Debug */,
				1836B0AE263D717E0075EA29 /* Release */,
			);
			defaultConfigurationIsVisible = 0;
			defaultConfigurationName = Release;
		};
/* End XCConfigurationList section */
	};
	rootObject = 1836B090263D717D0075EA29 /* Project object */;
}
